
Microsoft Visual Studio Solution File, Format Version 12.00
# Visual Studio Version 17
VisualStudioVersion = 17.14.36623.8 d17.14
MinimumVisualStudioVersion = 10.0.40219.1
Project("{FAE04EC0-301F-11D3-BF4B-00C04F79EFBC}") = "WinFormsApp1", "WinFormsApp1\WinFormsApp1.csproj", "{34CA34D5-FA8E-4883-92E2-C87D20FA95C3}"
EndProject
Global
	GlobalSection(SolutionConfigurationPlatforms) = preSolution
		Debug|Any CPU = Debug|Any CPU
		Release|Any CPU = Release|Any CPU
	EndGlobalSection
	GlobalSection(ProjectConfigurationPlatforms) = postSolution
		{34CA34D5-FA8E-4883-92E2-C87D20FA95C3}.Debug|Any CPU.ActiveCfg = Debug|Any CPU
		{34CA34D5-FA8E-4883-92E2-C87D20FA95C3}.Debug|Any CPU.Build.0 = Debug|Any CPU
		{34CA34D5-FA8E-4883-92E2-C87D20FA95C3}.Release|Any CPU.ActiveCfg = Release|Any CPU
		{34CA34D5-FA8E-4883-92E2-C87D20FA95C3}.Release|Any CPU.Build.0 = Release|Any CPU
	EndGlobalSection
	GlobalSection(SolutionProperties) = preSolution
		HideSolutionNode = FALSE
	EndGlobalSection
	GlobalSection(ExtensibilityGlobals) = postSolution
		SolutionGuid = {A17E1072-7BC8-4A8E-A01D-ECA2F31D84FC}
	EndGlobalSection
EndGlobal
